// !$*UTF8*$!
{
	archiveVersion = 1;
	classes = {
	};
	objectVersion = 77;
	objects = {

/* Begin PBXBuildFile section */
		D940895E2F55EEEC0032E1E3 /* PlateDetector.mlpackage in Sources */ = {isa = PBXBuildFile; fileRef = D940895D2F55EEEC0032E1E3 /* PlateDetector.mlpackage */; };
		D97B7E1F2F9ECA7E00F79460 /* .gitignore in Resources */ = {isa = PBXBuildFile; fileRef = D97B7E1E2F9ECA7E00F79460 /* .gitignore */; };
		D9A5C2422F47E13C002CF580 /* yolo26n-seg.mlpackage in Sources */ = {isa = PBXBuildFile; fileRef = D9A5C23F2F47E13C002CF580 /* yolo26n-seg.mlpackage */; };
		D9A5C2432F47E13C002CF580 /* yolo26m-seg.mlpackage in Sources */ = {isa = PBXBuildFile; fileRef = D9A5C23D2F47E13C002CF580 /* yolo26m-seg.mlpackage */; };
		D9A5C2442F47E13C002CF580 /* yolo26n.mlpackage in Sources */ = {isa = PBXBuildFile; fileRef = D9A5C23E2F47E13C002CF580 /* yolo26n.mlpackage */; };
		D9A5C2452F47E13C002CF580 /* yolo26s.mlpackage in Sources */ = {isa = PBXBuildFile; fileRef = D9A5C2402F47E13C002CF580 /* yolo26s.mlpackage */; };
		D9A5C2462F47E13C002CF580 /* yolo26s-seg.mlpackage in Sources */ = {isa = PBXBuildFile; fileRef = D9A5C2412F47E13C002CF580 /* yolo26s-seg.mlpackage */; };
		D9A5C2472F47E13C002CF580 /* yolo26m.mlpackage in Sources */ = {isa = PBXBuildFile; fileRef = D9A5C23C2F47E13C002CF580 /* yolo26m.mlpackage */; };
/* End PBXBuildFile section */

/* Begin PBXFileReference section */
		D908A9D02F394D2A00B4C914 /* iTrafficCam.app */ = {isa = PBXFileReference; explicitFileType = wrapper.application; includeInIndex = 0; path = iTrafficCam.app; sourceTree = BUILT_PRODUCTS_DIR; };
		D940895D2F55EEEC0032E1E3 /* PlateDetector.mlpackage */ = {isa = PBXFileReference; lastKnownFileType = folder.mlpackage; path = PlateDetector.mlpackage; sourceTree = "<group>"; };
		D97B7E1E2F9ECA7E00F79460 /* .gitignore */ = {isa = PBXFileReference; lastKnownFileType = text; path = .gitignore; sourceTree = "<group>"; };
		D9A5C23C2F47E13C002CF580 /* yolo26m.mlpackage */ = {isa = PBXFileReference; lastKnownFileType = folder.mlpackage; path = yolo26m.mlpackage; sourceTree = "<group>"; };
		D9A5C23D2F47E13C002CF580 /* yolo26m-seg.mlpackage */ = {isa = PBXFileReference; lastKnownFileType = folder.mlpackage; path = "yolo26m-seg.mlpackage"; sourceTree = "<group>"; };
		D9A5C23E2F47E13C002CF580 /* yolo26n.mlpackage */ = {isa = PBXFileReference; lastKnownFileType = folder.mlpackage; path = yolo26n.mlpackage; sourceTree = "<group>"; };
		D9A5C23F2F47E13C002CF580 /* yolo26n-seg.mlpackage */ = {isa = PBXFileReference; lastKnownFileType = folder.mlpackage; path = "yolo26n-seg.mlpackage"; sourceTree = "<group>"; };
		D9A5C2402F47E13C002CF580 /* yolo26s.mlpackage */ = {isa = PBXFileReference; lastKnownFileType = folder.mlpackage; path = yolo26s.mlpackage; sourceTree = "<group>"; };
		D9A5C2412F47E13C002CF580 /* yolo26s-seg.mlpackage */ = {isa = PBXFileReference; lastKnownFileType = folder.mlpackage; path = "yolo26s-seg.mlpackage"; sourceTree = "<group>"; };
/* End PBXFileReference section */

/* Begin PBXFileSystemSynchronizedRootGroup section */
		D908A9D22F394D2A00B4C914 /* iTrafficCam */ = {
			isa = PBXFileSystemSynchronizedRootGroup;
			path = iTrafficCam;
			sourceTree = "<group>";
		};
/* End PBXFileSystemSynchronizedRootGroup section */

/* Begin PBXFrameworksBuildPhase section */
		D908A9CD2F394D2A00B4C914 /* Frameworks */ = {
			isa = PBXFrameworksBuildPhase;
			buildActionMask = 2147483647;
			files = (
			);
			runOnlyForDeploymentPostprocessing = 0;
		};
/* End PBXFrameworksBuildPhase section */

/* Begin PBXGroup section */
		D908A9C72F394D2A00B4C914 = {
			isa = PBXGroup;
			children = (
				D97B7E1E2F9ECA7E00F79460 /* .gitignore */,
				D9A5C23B2F47DC1B002CF580 /* Models */,
				D908A9D22F394D2A00B4C914 /* iTrafficCam */,
				D908A9D12F394D2A00B4C914 /* Products */,
			);
			sourceTree = "<group>";
		};
		D908A9D12F394D2A00B4C914 /* Products */ = {
			isa = PBXGroup;
			children = (
				D908A9D02F394D2A00B4C914 /* iTrafficCam.app */,
			);
			name = Products;
			sourceTree = "<group>";
		};
		D9A5C23B2F47DC1B002CF580 /* Models */ = {
			isa = PBXGroup;
			children = (
				D9A5C23C2F47E13C002CF580 /* yolo26m.mlpackage */,
				D9A5C23D2F47E13C002CF580 /* yolo26m-seg.mlpackage */,
				D9A5C23E2F47E13C002CF580 /* yolo26n.mlpackage */,
				D9A5C23F2F47E13C002CF580 /* yolo26n-seg.mlpackage */,
				D9A5C2402F47E13C002CF580 /* yolo26s.mlpackage */,
				D9A5C2412F47E13C002CF580 /* yolo26s-seg.mlpackage */,
				D940895D2F55EEEC0032E1E3 /* PlateDetector.mlpackage */,
			);
			path = Models;
			sourceTree = "<group>";
		};
/* End PBXGroup section */

/* Begin PBXNativeTarget section */
		D908A9CF2F394D2A00B4C914 /* iTrafficCam */ = {
			isa = PBXNativeTarget;
			buildConfigurationList = D908A9DB2F394D2B00B4C914 /* Build configuration list for PBXNativeTarget "iTrafficCam" */;
			buildPhases = (
				D908A9CC2F394D2A00B4C914 /* Sources */,
				D908A9CD2F394D2A00B4C914 /* Frameworks */,
				D908A9CE2F394D2A00B4C914 /* Resources */,
			);
			buildRules = (
			);
			dependencies = (
			);
			fileSystemSynchronizedGroups = (
				D908A9D22F394D2A00B4C914 /* iTrafficCam */,
			);
			name = iTrafficCam;
			packageProductDependencies = (
			);
			productName = Yolo26;
			productReference = D908A9D02F394D2A00B4C914 /* iTrafficCam.app */;
			productType = "com.apple.product-type.application";
		};
/* End PBXNativeTarget section */

/* Begin PBXProject section */
		D908A9C82F394D2A00B4C914 /* Project object */ = {
			isa = PBXProject;
			attributes = {
				BuildIndependentTargetsInParallel = 1;
				LastSwiftUpdateCheck = 2620;
				LastUpgradeCheck = 2630;
				TargetAttributes = {
					D908A9CF2F394D2A00B4C914 = {
						CreatedOnToolsVersion = 26.2;
					};
				};
			};
			buildConfigurationList = D908A9CB2F394D2A00B4C914 /* Build configuration list for PBXProject "iTrafficCam" */;
			developmentRegion = en;
			hasScannedForEncodings = 0;
			knownRegions = (
				en,
				Base,
			);
			mainGroup = D908A9C72F394D2A00B4C914;
			minimizedProjectReferenceProxies = 1;
			preferredProjectObjectVersion = 77;
			productRefGroup = D908A9D12F394D2A00B4C914 /* Products */;
			projectDirPath = "";
			projectRoot = "";
			targets = (
				D908A9CF2F394D2A00B4C914 /* iTrafficCam */,
			);
		};
/* End PBXProject section */

/* Begin PBXResourcesBuildPhase section */
		D908A9CE2F394D2A00B4C914 /* Resources */ = {
			isa = PBXResourcesBuildPhase;
			buildActionMask = 2147483647;
			files = (
				D97B7E1F2F9ECA7E00F79460 /* .gitignore in Resources */,
			);
			runOnlyForDeploymentPostprocessing = 0;
		};
/* End PBXResourcesBuildPhase section */

/* Begin PBXSourcesBuildPhase section */
		D908A9CC2F394D2A00B4C914 /* Sources */ = {
			isa = PBXSourcesBuildPhase;
			buildActionMask = 2147483647;
			files = (
				D9A5C2422F47E13C002CF580 /* yolo26n-seg.mlpackage in Sources */,
				D9A5C2432F47E13C002CF580 /* yolo26m-seg.mlpackage in Sources */,
				D9A5C2442F47E13C002CF580 /* yolo26n.mlpackage in Sources */,
				D940895E2F55EEEC0032E1E3 /* PlateDetector.mlpackage in Sources */,
				D9A5C2452F47E13C002CF580 /* yolo26s.mlpackage in Sources */,
				D9A5C2462F47E13C002CF580 /* yolo26s-seg.mlpackage in Sources */,
				D9A5C2472F47E13C002CF580 /* yolo26m.mlpackage in Sources */,
			);
			runOnlyForDeploymentPostprocessing = 0;
		};
/* End PBXSourcesBuildPhase section */

/* Begin XCBuildConfiguration section */
		D908A9D92F394D2B00B4C914 /* Debug */ = {
			isa = XCBuildConfiguration;
			buildSettings = {
				ALWAYS_SEARCH_USER_PATHS = NO;
				ASSETCATALOG_COMPILER_GENERATE_SWIFT_ASSET_SYMBOL_EXTENSIONS = YES;
				CLANG_ANALYZER_NONNULL = YES;
				CLANG_ANALYZER_NUMBER_OBJECT_CONVERSION = YES_AGGRESSIVE;
				CLANG_CXX_LANGUAGE_STANDARD = "gnu++20";
				CLANG_ENABLE_MODULES = YES;
				CLANG_ENABLE_OBJC_ARC = YES;
				CLANG_ENABLE_OBJC_WEAK = YES;
				CLANG_WARN_BLOCK_CAPTURE_AUTORELEASING = YES;
				CLANG_WARN_BOOL_CONVERSION = YES;
				CLANG_WARN_COMMA = YES;
				CLANG_WARN_CONSTANT_CONVERSION = YES;
				CLANG_WARN_DEPRECATED_OBJC_IMPLEMENTATIONS = YES;
				CLANG_WARN_DIRECT_OBJC_ISA_USAGE = YES_ERROR;
				CLANG_WARN_DOCUMENTATION_COMMENTS = YES;
				CLANG_WARN_EMPTY_BODY = YES;
				CLANG_WARN_ENUM_CONVERSION = YES;
				CLANG_WARN_INFINITE_RECURSION = YES;
				CLANG_WARN_INT_CONVERSION = YES;
				CLANG_WARN_NON_LITERAL_NULL_CONVERSION = YES;
				CLANG_WARN_OBJC_IMPLICIT_RETAIN_SELF = YES;
				CLANG_WARN_OBJC_LITERAL_CONVERSION = YES;
				CLANG_WARN_OBJC_ROOT_CLASS = YES_ERROR;
				CLANG_WARN_QUOTED_INCLUDE_IN_FRAMEWORK_HEADER = YES;
				CLANG_WARN_RANGE_LOOP_ANALYSIS = YES;
				CLANG_WARN_STRICT_PROTOTYPES = YES;
				CLANG_WARN_SUSPICIOUS_MOVE = YES;
				CLANG_WARN_UNGUARDED_AVAILABILITY = YES_AGGRESSIVE;
				CLANG_WARN_UNREACHABLE_CODE = YES;
				CLANG_WARN__DUPLICATE_METHOD_MATCH = YES;
				COPY_PHASE_STRIP = NO;
				DEAD_CODE_STRIPPING = YES;
				DEBUG_INFORMATION_FORMAT = dwarf;
				DEVELOPMENT_TEAM = ZF72L2BG8M;
				ENABLE_STRICT_OBJC_MSGSEND = YES;
				ENABLE_TESTABILITY = YES;
				ENABLE_USER_SCRIPT_SANDBOXING = YES;
				GCC_C_LANGUAGE_STANDARD = gnu17;
				GCC_DYNAMIC_NO_PIC = NO;
				GCC_NO_COMMON_BLOCKS = YES;
				GCC_OPTIMIZATION_LEVEL = 0;
				GCC_PREPROCESSOR_DEFINITIONS = (
					"DEBUG=1",
					"$(inherited)",
				);
				GCC_WARN_64_TO_32_BIT_CONVERSION = YES;
				GCC_WARN_ABOUT_RETURN_TYPE = YES_ERROR;
				GCC_WARN_UNDECLARED_SELECTOR = YES;
				GCC_WARN_UNINITIALIZED_AUTOS = YES_AGGRESSIVE;
				GCC_WARN_UNUSED_FUNCTION = YES;
				GCC_WARN_UNUSED_VARIABLE = YES;
				LOCALIZATION_PREFERS_STRING_CATALOGS = YES;
				MACOSX_DEPLOYMENT_TARGET = 26.2;
				MTL_ENABLE_DEBUG_INFO = INCLUDE_SOURCE;
				MTL_FAST_MATH = YES;
				ONLY_ACTIVE_ARCH = YES;
				SDKROOT = macosx;
				STRING_CATALOG_GENERATE_SYMBOLS = YES;
				SWIFT_ACTIVE_COMPILATION_CONDITIONS = "DEBUG $(inherited)";
				SWIFT_OPTIMIZATION_LEVEL = "-Onone";
			};
			name = Debug;
		};
		D908A9DA2F394D2B00B4C914 /* Release */ = {
			isa = XCBuildConfiguration;
			buildSettings = {
				ALWAYS_SEARCH_USER_PATHS = NO;
				ASSETCATALOG_COMPILER_GENERATE_SWIFT_ASSET_SYMBOL_EXTENSIONS = YES;
				CLANG_ANALYZER_NONNULL = YES;
				CLANG_ANALYZER_NUMBER_OBJECT_CONVERSION = YES_AGGRESSIVE;
				CLANG_CXX_LANGUAGE_STANDARD = "gnu++20";
				CLANG_ENABLE_MODULES = YES;
				CLANG_ENABLE_OBJC_ARC = YES;
				CLANG_ENABLE_OBJC_WEAK = YES;
				CLANG_WARN_BLOCK_CAPTURE_AUTORELEASING = YES;
				CLANG_WARN_BOOL_CONVERSION = YES;
				CLANG_WARN_COMMA = YES;
				CLANG_WARN_CONSTANT_CONVERSION = YES;
				CLANG_WARN_DEPRECATED_OBJC_IMPLEMENTATIONS = YES;
				CLANG_WARN_DIRECT_OBJC_ISA_USAGE = YES_ERROR;
				CLANG_WARN_DOCUMENTATION_COMMENTS = YES;
				CLANG_WARN_EMPTY_BODY = YES;
				CLANG_WARN_ENUM_CONVERSION = YES;
				CLANG_WARN_INFINITE_RECURSION = YES;
				CLANG_WARN_INT_CONVERSION = YES;
				CLANG_WARN_NON_LITERAL_NULL_CONVERSION = YES;
				CLANG_WARN_OBJC_IMPLICIT_RETAIN_SELF = YES;
				CLANG_WARN_OBJC_LITERAL_CONVERSION = YES;
				CLANG_WARN_OBJC_ROOT_CLASS = YES_ERROR;
				CLANG_WARN_QUOTED_INCLUDE_IN_FRAMEWORK_HEADER = YES;
				CLANG_WARN_RANGE_LOOP_ANALYSIS = YES;
				CLANG_WARN_STRICT_PROTOTYPES = YES;
				CLANG_WARN_SUSPICIOUS_MOVE = YES;
				CLANG_WARN_UNGUARDED_AVAILABILITY = YES_AGGRESSIVE;
				CLANG_WARN_UNREACHABLE_CODE = YES;
				CLANG_WARN__DUPLICATE_METHOD_MATCH = YES;
				COPY_PHASE_STRIP = NO;
				DEAD_CODE_STRIPPING = YES;
				DEBUG_INFORMATION_FORMAT = "dwarf-with-dsym";
				DEVELOPMENT_TEAM = ZF72L2BG8M;
				ENABLE_NS_ASSERTIONS = NO;
				ENABLE_STRICT_OBJC_MSGSEND = YES;
				ENABLE_USER_SCRIPT_SANDBOXING = YES;
				GCC_C_LANGUAGE_STANDARD = gnu17;
				GCC_NO_COMMON_BLOCKS = YES;
				GCC_WARN_64_TO_32_BIT_CONVERSION = YES;
				GCC_WARN_ABOUT_RETURN_TYPE = YES_ERROR;
				GCC_WARN_UNDECLARED_SELECTOR = YES;
				GCC_WARN_UNINITIALIZED_AUTOS = YES_AGGRESSIVE;
				GCC_WARN_UNUSED_FUNCTION = YES;
				GCC_WARN_UNUSED_VARIABLE = YES;
				LOCALIZATION_PREFERS_STRING_CATALOGS = YES;
				MACOSX_DEPLOYMENT_TARGET = 26.2;
				MTL_ENABLE_DEBUG_INFO = NO;
				MTL_FAST_MATH = YES;
				SDKROOT = macosx;
				STRING_CATALOG_GENERATE_SYMBOLS = YES;
				SWIFT_COMPILATION_MODE = wholemodule;
			};
			name = Release;
		};
		D908A9DC2F394D2B00B4C914 /* Debug */ = {
			isa = XCBuildConfiguration;
			buildSettings = {
				ASSETCATALOG_COMPILER_APPICON_NAME = AppIcon;
				ASSETCATALOG_COMPILER_GLOBAL_ACCENT_COLOR_NAME = AccentColor;
				"CODE_SIGN_IDENTITY[sdk=macosx*]" = "-";
				CODE_SIGN_STYLE = Automatic;
				COMBINE_HIDPI_IMAGES = YES;
				CURRENT_PROJECT_VERSION = 1;
				DEAD_CODE_STRIPPING = YES;
				DEVELOPMENT_TEAM = ZF72L2BG8M;
				ENABLE_APP_SANDBOX = YES;
				ENABLE_HARDENED_RUNTIME = YES;
				ENABLE_INCOMING_NETWORK_CONNECTIONS = NO;
				ENABLE_OUTGOING_NETWORK_CONNECTIONS = NO;
				ENABLE_PREVIEWS = YES;
				ENABLE_RESOURCE_ACCESS_AUDIO_INPUT = NO;
				ENABLE_RESOURCE_ACCESS_BLUETOOTH = NO;
				ENABLE_RESOURCE_ACCESS_CALENDARS = NO;
				ENABLE_RESOURCE_ACCESS_CAMERA = NO;
				ENABLE_RESOURCE_ACCESS_CONTACTS = NO;
				ENABLE_RESOURCE_ACCESS_LOCATION = NO;
				ENABLE_RESOURCE_ACCESS_PRINTING = NO;
				ENABLE_RESOURCE_ACCESS_USB = NO;
				ENABLE_USER_SELECTED_FILES = readonly;
				GENERATE_INFOPLIST_FILE = YES;
				INFOPLIST_KEY_LSApplicationCategoryType = "public.app-category.video";
				INFOPLIST_KEY_NSHumanReadableCopyright = "";
				LD_RUNPATH_SEARCH_PATHS = (
					"$(inherited)",
					"@executable_path/../Frameworks",
				);
				MARKETING_VERSION = 1.4;
				PRODUCT_BUNDLE_IDENTIFIER = Bojanstven.iTrafficCam;
				PRODUCT_NAME = "$(TARGET_NAME)";
				REGISTER_APP_GROUPS = YES;
				STRING_CATALOG_GENERATE_SYMBOLS = YES;
				SWIFT_APPROACHABLE_CONCURRENCY = YES;
				SWIFT_DEFAULT_ACTOR_ISOLATION = MainActor;
				SWIFT_EMIT_LOC_STRINGS = YES;
				SWIFT_UPCOMING_FEATURE_MEMBER_IMPORT_VISIBILITY = YES;
				SWIFT_VERSION = 5.0;
			};
			name = Debug;
		};
		D908A9DD2F394D2B00B4C914 /* Release */ = {
			isa = XCBuildConfiguration;
			buildSettings = {
				ASSETCATALOG_COMPILER_APPICON_NAME = AppIcon;
				ASSETCATALOG_COMPILER_GLOBAL_ACCENT_COLOR_NAME = AccentColor;
				"CODE_SIGN_IDENTITY[sdk=macosx*]" = "-";
				CODE_SIGN_STYLE = Automatic;
				COMBINE_HIDPI_IMAGES = YES;
				CURRENT_PROJECT_VERSION = 1;
				DEAD_CODE_STRIPPING = YES;
				DEVELOPMENT_TEAM = ZF72L2BG8M;
				ENABLE_APP_SANDBOX = YES;
				ENABLE_HARDENED_RUNTIME = YES;
				ENABLE_INCOMING_NETWORK_CONNECTIONS = NO;
				ENABLE_OUTGOING_NETWORK_CONNECTIONS = NO;
				ENABLE_PREVIEWS = YES;
				ENABLE_RESOURCE_ACCESS_AUDIO_INPUT = NO;
				ENABLE_RESOURCE_ACCESS_BLUETOOTH = NO;
				ENABLE_RESOURCE_ACCESS_CALENDARS = NO;
				ENABLE_RESOURCE_ACCESS_CAMERA = NO;
				ENABLE_RESOURCE_ACCESS_CONTACTS = NO;
				ENABLE_RESOURCE_ACCESS_LOCATION = NO;
				ENABLE_RESOURCE_ACCESS_PRINTING = NO;
				ENABLE_RESOURCE_ACCESS_USB = NO;
				ENABLE_USER_SELECTED_FILES = readonly;
				GENERATE_INFOPLIST_FILE = YES;
				INFOPLIST_KEY_LSApplicationCategoryType = "public.app-category.video";
				INFOPLIST_KEY_NSHumanReadableCopyright = "";
				LD_RUNPATH_SEARCH_PATHS = (
					"$(inherited)",
					"@executable_path/../Frameworks",
				);
				MARKETING_VERSION = 1.4;
				PRODUCT_BUNDLE_IDENTIFIER = Bojanstven.iTrafficCam;
				PRODUCT_NAME = "$(TARGET_NAME)";
				REGISTER_APP_GROUPS = YES;
				STRING_CATALOG_GENERATE_SYMBOLS = YES;
				SWIFT_APPROACHABLE_CONCURRENCY = YES;
				SWIFT_DEFAULT_ACTOR_ISOLATION = MainActor;
				SWIFT_EMIT_LOC_STRINGS = YES;
				SWIFT_UPCOMING_FEATURE_MEMBER_IMPORT_VISIBILITY = YES;
				SWIFT_VERSION = 5.0;
			};
			name = Release;
		};
/* End XCBuildConfiguration section */

/* Begin XCConfigurationList section */
		D908A9CB2F394D2A00B4C914 /* Build configuration list for PBXProject "iTrafficCam" */ = {
			isa = XCConfigurationList;
			buildConfigurations = (
				D908A9D92F394D2B00B4C914 /* Debug */,
				D908A9DA2F394D2B00B4C914 /* Release */,
			);
			defaultConfigurationIsVisible = 0;
			defaultConfigurationName = Release;
		};
		D908A9DB2F394D2B00B4C914 /* Build configuration list for PBXNativeTarget "iTrafficCam" */ = {
			isa = XCConfigurationList;
			buildConfigurations = (
				D908A9DC2F394D2B00B4C914 /* Debug */,
				D908A9DD2F394D2B00B4C914 /* Release */,
			);
			defaultConfigurationIsVisible = 0;
			defaultConfigurationName = Release;
		};
/* End XCConfigurationList section */
	};
	rootObject = D908A9C82F394D2A00B4C914 /* Project object */;
}
